{
  "nodes": {
    "nixpkgs": {
      "locked": {
        "lastModified": 1789012029,
        "narHash": "sha256-1CBkBf+Nhggykzlx0jvXrj5rk20btl+tK8Fa8Ml/BL4=",
        "owner": "NixOS",
        "repo": "nixpkgs",
        "rev": "d5dfd8e6716dde34398bc14bc87c10dece9c8c68",
        "type": "github"
      },
      "original": {
        "owner": "NixOS",
        "ref": "nixpkgs-unstable",
        "repo": "nixpkgs",
        "type": "github"
      }
    },
    "root": {
      "inputs": {
        "nixpkgs": "nixpkgs"
      }
    }
  },
  "root": "root",
  "version": 7
}
